schema: '2.0'
stages:
  data_validation:
    cmd: ./venv/bin/python src/data_validation.py
    deps:
    - path: data/loan_data.csv
      hash: md5
      md5: 5131e245974f39e6bd598fb01bec5b01
      size: 21070
    - path: src/data_validation.py
      hash: md5
      md5: 52f3151377592d388dbeede18e998bfb
      size: 1851
  clean_data:
    cmd: ./venv/bin/python src/data_cleaning.py
    deps:
    - path: data/loan_data.csv
      hash: md5
      md5: 5131e245974f39e6bd598fb01bec5b01
      size: 21070
    - path: src/data_cleaning.py
      hash: md5
      md5: 76b4ced105e01f796b85c8401785d2b4
      size: 1615
    outs:
    - path: data/processed/cleaned_data.csv
      hash: md5
      md5: 08fa4c3a183858079d10292eefe0c576
      size: 20386
  feature_engineering:
    cmd: ./venv/bin/python src/feature_engineering.py
    deps:
    - path: data/processed/cleaned_data.csv
      hash: md5
      md5: 08fa4c3a183858079d10292eefe0c576
      size: 20386
    - path: src/feature_engineering.py
      hash: md5
      md5: 17ff0b36213c25a015e37ea18e65e137
      size: 1691
    outs:
    - path: data/processed/featured_data.csv
      hash: md5
      md5: 2e93dc90fa7ae7500adb7ad078c1056f
      size: 41111
  train:
    cmd: ./venv/bin/python src/train.py
    deps:
    - path: data/processed/featured_data.csv
      hash: md5
      md5: 2e93dc90fa7ae7500adb7ad078c1056f
      size: 41111
    - path: src/preprocess.py
      hash: md5
      md5: 7c4773f2a44678c7e5fd76666b9790f8
      size: 2450
    - path: src/train.py
      hash: md5
      md5: 1b5e1a9ca30060386213f802ee7dbb7d
      size: 3542
    outs:
    - path: data/processed/test_data.csv
      hash: md5
      md5: f6d6fe08d274514a4bde8d7faffd77fb
      size: 8356
    - path: models/feature_names.pkl
      hash: md5
      md5: 41025627f2a39d69c51e44a2e5a37d29
      size: 60
    - path: models/label_encoder.pkl
      hash: md5
      md5: 69dba1adc1a2d63662dc723a3a0238a1
      size: 552
    - path: models/model.pkl
      hash: md5
      md5: 47019435b9ab4e44725d879db56111b3
      size: 268817
    - path: models/scaler.pkl
      hash: md5
      md5: fda589697f483816246c3add540e1941
      size: 1063
  evaluate:
    cmd: ./venv/bin/python src/evaluate.py
    deps:
    - path: data/processed/test_data.csv
      hash: md5
      md5: f6d6fe08d274514a4bde8d7faffd77fb
      size: 8356
    - path: models/label_encoder.pkl
      hash: md5
      md5: 69dba1adc1a2d63662dc723a3a0238a1
      size: 552
    - path: models/model.pkl
      hash: md5
      md5: 47019435b9ab4e44725d879db56111b3
      size: 268817
    - path: models/scaler.pkl
      hash: md5
      md5: fda589697f483816246c3add540e1941
      size: 1063
    - path: src/evaluate.py
      hash: md5
      md5: ba8221f571f1c70b694c9fe748dc5272
      size: 3559
    outs:
    - path: metrics.json
      hash: md5
      md5: 252fedc5074bf79f0d7f99c698def63f
      size: 159
